
Microsoft Visual Studio Solution File, Format Version 12.00
# Visual Studio Version 16
VisualStudioVersion = 16.0.30621.155
MinimumVisualStudioVersion = 10.0.40219.1
Project("{9A19103F-16F7-4668-BE54-9A1E7A4F7556}") = "LMS_Web", "LMS_Web\LMS_Web.csproj", "{A0E69020-0A55-4E1C-ABCB-DDE0E77FF412}"
EndProject
Project("{FAE04EC0-301F-11D3-BF4B-00C04F79EFBC}") = "RdlcReport", "RdlcReport\RdlcReport.csproj", "{623CA4F2-D790-44FE-8285-B1BF6875C614}"
EndProject
Global
	GlobalSection(SolutionConfigurationPlatforms) = preSolution
		Debug|Any CPU = Debug|Any CPU
		Release|Any CPU = Release|Any CPU
	EndGlobalSection
	GlobalSection(ProjectConfigurationPlatforms) = postSolution
		{A0E69020-0A55-4E1C-ABCB-DDE0E77FF412}.Debug|Any CPU.ActiveCfg = Debug|Any CPU
		{A0E69020-0A55-4E1C-ABCB-DDE0E77FF412}.Debug|Any CPU.Build.0 = Debug|Any CPU
		{A0E69020-0A55-4E1C-ABCB-DDE0E77FF412}.Release|Any CPU.ActiveCfg = Release|Any CPU
		{A0E69020-0A55-4E1C-ABCB-DDE0E77FF412}.Release|Any CPU.Build.0 = Release|Any CPU
		{623CA4F2-D790-44FE-8285-B1BF6875C614}.Debug|Any CPU.ActiveCfg = Debug|Any CPU
		{623CA4F2-D790-44FE-8285-B1BF6875C614}.Debug|Any CPU.Build.0 = Debug|Any CPU
		{623CA4F2-D790-44FE-8285-B1BF6875C614}.Release|Any CPU.ActiveCfg = Release|Any CPU
		{623CA4F2-D790-44FE-8285-B1BF6875C614}.Release|Any CPU.Build.0 = Release|Any CPU
	EndGlobalSection
	GlobalSection(SolutionProperties) = preSolution
		HideSolutionNode = FALSE
	EndGlobalSection
	GlobalSection(ExtensibilityGlobals) = postSolution
		SolutionGuid = {3330D119-A869-41E9-8881-CF620307DDB6}
	EndGlobalSection
EndGlobal
